<?xml version="1.0" encoding="utf-8"?>
<Project ToolsVersion="4.0" xmlns="http://schemas.microsoft.com/developer/msbuild/2003">
  <ItemGroup>
    <ClCompile Include="..\..\apps\simpleclient.c" />
    <ClCompile Include="clock.c" />
    <ClCompile Include="ipadapter.c" />
    <ClCompile Include="random.c" />
    <ClCompile Include="storage.c" />
    <ClCompile Include="..\..\api\oc_base64.c">
      <Filter>api</Filter>
    </ClCompile>
    <ClCompile Include="..\..\api\oc_blockwise.c">
      <Filter>api</Filter>
    </ClCompile>
    <ClCompile Include="..\..\api\oc_buffer.c">
      <Filter>api</Filter>
    </ClCompile>
    <ClCompile Include="..\..\api\oc_client_api.c">
      <Filter>api</Filter>
    </ClCompile>
    <ClCompile Include="..\..\api\oc_collection.c">
      <Filter>api</Filter>
    </ClCompile>
    <ClCompile Include="..\..\api\oc_core_res.c">
      <Filter>api</Filter>
    </ClCompile>
    <ClCompile Include="..\..\api\oc_discovery.c">
      <Filter>api</Filter>
    </ClCompile>
    <ClCompile Include="..\..\api\oc_helpers.c">
      <Filter>api</Filter>
    </ClCompile>
    <ClCompile Include="..\..\api\oc_main.c">
      <Filter>api</Filter>
    </ClCompile>
    <ClCompile Include="..\..\api\oc_network_events.c">
      <Filter>api</Filter>
    </ClCompile>
    <ClCompile Include="..\..\api\oc_rep.c">
      <Filter>api</Filter>
    </ClCompile>
    <ClCompile Include="..\..\api\oc_ri.c">
      <Filter>api</Filter>
    </ClCompile>
    <ClCompile Include="..\..\api\oc_server_api.c">
      <Filter>api</Filter>
    </ClCompile>
    <ClCompile Include="..\..\api\oc_uuid.c">
      <Filter>api</Filter>
    </ClCompile>
    <ClCompile Include="..\..\deps\tinycbor\src\cborencoder.c">
      <Filter>deps\tinycbor</Filter>
    </ClCompile>
    <ClCompile Include="..\..\deps\tinycbor\src\cborencoder_close_container_checked.c">
      <Filter>deps\tinycbor</Filter>
    </ClCompile>
    <ClCompile Include="..\..\deps\tinycbor\src\cborparser.c">
      <Filter>deps\tinycbor</Filter>
    </ClCompile>
    <ClCompile Include="..\..\deps\tinydtls\ccm.c">
      <Filter>deps\tinydtls</Filter>
    </ClCompile>
    <ClCompile Include="..\..\deps\tinydtls\hmac.c">
      <Filter>deps\tinydtls</Filter>
    </ClCompile>
    <ClCompile Include="..\..\deps\tinydtls\netq.c">
      <Filter>deps\tinydtls</Filter>
    </ClCompile>
    <ClCompile Include="..\..\deps\tinydtls\peer.c">
      <Filter>deps\tinydtls</Filter>
    </ClCompile>
    <ClCompile Include="..\..\deps\tinydtls\dtls_time.c">
      <Filter>deps\tinydtls</Filter>
    </ClCompile>
    <ClCompile Include="..\..\deps\tinydtls\session.c">
      <Filter>deps\tinydtls</Filter>
    </ClCompile>
    <ClCompile Include="..\..\deps\tinydtls\sha2\sha2.c">
      <Filter>deps\tinydtls</Filter>
    </ClCompile>
    <ClCompile Include="..\..\deps\tinydtls\ecc\ecc.c">
      <Filter>deps\tinydtls</Filter>
    </ClCompile>
    <ClCompile Include="..\..\deps\tinydtls\aes\rijndael.c">
      <Filter>deps\tinydtls</Filter>
    </ClCompile>
    <ClCompile Include="..\..\deps\tinydtls\crypto.c">
      <Filter>deps\tinydtls</Filter>
    </ClCompile>
    <ClCompile Include="..\..\deps\tinydtls\dtls.c">
      <Filter>deps\tinydtls</Filter>
    </ClCompile>
    <ClCompile Include="..\..\messaging\coap\coap.c">
      <Filter>messaging</Filter>
    </ClCompile>
    <ClCompile Include="..\..\messaging\coap\engine.c">
      <Filter>messaging</Filter>
    </ClCompile>
    <ClCompile Include="..\..\messaging\coap\observe.c">
      <Filter>messaging</Filter>
    </ClCompile>
    <ClCompile Include="..\..\messaging\coap\separate.c">
      <Filter>messaging</Filter>
    </ClCompile>
    <ClCompile Include="..\..\messaging\coap\transactions.c">
      <Filter>messaging</Filter>
    </ClCompile>
    <ClCompile Include="..\..\security\oc_acl.c">
      <Filter>security</Filter>
    </ClCompile>
    <ClCompile Include="..\..\security\oc_cred.c">
      <Filter>security</Filter>
    </ClCompile>
    <ClCompile Include="..\..\security\oc_doxm.c">
      <Filter>security</Filter>
    </ClCompile>
    <ClCompile Include="..\..\security\oc_dtls.c">
      <Filter>security</Filter>
    </ClCompile>
    <ClCompile Include="..\..\security\oc_pstat.c">
      <Filter>security</Filter>
    </ClCompile>
    <ClCompile Include="..\..\security\oc_store.c">
      <Filter>security</Filter>
    </ClCompile>
    <ClCompile Include="..\..\security\oc_svr.c">
      <Filter>security</Filter>
    </ClCompile>
    <ClCompile Include="..\..\util\oc_etimer.c">
      <Filter>util</Filter>
    </ClCompile>
    <ClCompile Include="..\..\util\oc_list.c">
      <Filter>util</Filter>
    </ClCompile>
    <ClCompile Include="..\..\util\oc_memb.c">
      <Filter>util</Filter>
    </ClCompile>
    <ClCompile Include="..\..\util\oc_mmem.c">
      <Filter>util</Filter>
    </ClCompile>
    <ClCompile Include="..\..\util\oc_process.c">
      <Filter>util</Filter>
    </ClCompile>
    <ClCompile Include="..\..\util\oc_timer.c">
      <Filter>util</Filter>
    </ClCompile>
    <ClCompile Include="..\..\api\oc_scene.c">
    <ClCompile Include="..\..\api\oc_endpoint.c">
      <Filter>api</Filter>
    </ClCompile>
  </ItemGroup>
  <ItemGroup>
    <ClInclude Include="config.h" />
    <ClInclude Include="..\..\include\oc_api.h">
      <Filter>include</Filter>
    </ClInclude>
    <ClInclude Include="..\..\include\oc_base64.h">
      <Filter>include</Filter>
    </ClInclude>
    <ClInclude Include="..\..\include\oc_blockwise.h">
      <Filter>include</Filter>
    </ClInclude>
    <ClInclude Include="..\..\include\oc_client_state.h">
      <Filter>include</Filter>
    </ClInclude>
    <ClInclude Include="..\..\include\oc_collection.h">
      <Filter>include</Filter>
    </ClInclude>
    <ClInclude Include="..\..\include\oc_core_res.h">
      <Filter>include</Filter>
    </ClInclude>
    <ClInclude Include="..\..\include\oc_discovery.h">
      <Filter>include</Filter>
    </ClInclude>
    <ClInclude Include="..\..\include\oc_helpers.h">
      <Filter>include</Filter>
    </ClInclude>
    <ClInclude Include="..\..\include\oc_network_events.h">
      <Filter>include</Filter>
    </ClInclude>
    <ClInclude Include="..\..\include\oc_rep.h">
      <Filter>include</Filter>
    </ClInclude>
    <ClInclude Include="..\..\include\oc_ri.h">
      <Filter>include</Filter>
    </ClInclude>
    <ClInclude Include="..\..\include\oc_signal_event_loop.h">
      <Filter>include</Filter>
    </ClInclude>
    <ClInclude Include="..\..\include\oc_uuid.h">
      <Filter>include</Filter>
    </ClInclude>
    <ClInclude Include="..\..\include\oc_buffer.h">
      <Filter>include</Filter>
    </ClInclude>
    <ClInclude Include="..\..\api\oc_events.h">
      <Filter>api</Filter>
    </ClInclude>
    <ClInclude Include="..\..\deps\tinycbor\src\cbor.h">
      <Filter>deps\tinycbor</Filter>
    </ClInclude>
    <ClInclude Include="..\..\deps\tinycbor\src\cborjson.h">
      <Filter>deps\tinycbor</Filter>
    </ClInclude>
    <ClInclude Include="..\..\deps\tinydtls\ccm.h">
      <Filter>deps\tinydtls</Filter>
    </ClInclude>
    <ClInclude Include="..\..\messaging\coap\coap.h">
      <Filter>messaging</Filter>
    </ClInclude>
    <ClInclude Include="..\..\messaging\coap\conf.h">
      <Filter>messaging</Filter>
    </ClInclude>
    <ClInclude Include="..\..\messaging\coap\constants.h">
      <Filter>messaging</Filter>
    </ClInclude>
    <ClInclude Include="..\..\messaging\coap\engine.h">
      <Filter>messaging</Filter>
    </ClInclude>
    <ClInclude Include="..\..\messaging\coap\observe.h">
      <Filter>messaging</Filter>
    </ClInclude>
    <ClInclude Include="..\..\messaging\coap\oc_coap.h">
      <Filter>messaging</Filter>
    </ClInclude>
    <ClInclude Include="..\..\messaging\coap\separate.h">
      <Filter>messaging</Filter>
    </ClInclude>
    <ClInclude Include="..\..\messaging\coap\transactions.h">
      <Filter>messaging</Filter>
    </ClInclude>
    <ClInclude Include="..\..\security\oc_acl.h">
      <Filter>security</Filter>
    </ClInclude>
    <ClInclude Include="..\..\security\oc_cred.h">
      <Filter>security</Filter>
    </ClInclude>
    <ClInclude Include="..\..\security\oc_doxm.h">
      <Filter>security</Filter>
    </ClInclude>
    <ClInclude Include="..\..\security\oc_dtls.h">
      <Filter>security</Filter>
    </ClInclude>
    <ClInclude Include="..\..\security\oc_pstat.h">
      <Filter>security</Filter>
    </ClInclude>
    <ClInclude Include="..\..\security\oc_store.h">
      <Filter>security</Filter>
    </ClInclude>
    <ClInclude Include="..\..\security\oc_svr.h">
      <Filter>security</Filter>
    </ClInclude>
    <ClInclude Include="..\..\util\oc_etimer.h">
      <Filter>util</Filter>
    </ClInclude>
    <ClInclude Include="..\..\util\oc_list.h">
      <Filter>util</Filter>
    </ClInclude>
    <ClInclude Include="..\..\util\oc_memb.h">
      <Filter>util</Filter>
    </ClInclude>
    <ClInclude Include="..\..\util\oc_mmem.h">
      <Filter>util</Filter>
    </ClInclude>
    <ClInclude Include="..\..\util\oc_process.h">
      <Filter>util</Filter>
    </ClInclude>
    <ClInclude Include="..\..\util\oc_timer.h">
      <Filter>util</Filter>
    </ClInclude>
    <ClInclude Include="..\..\util\pt\lc.h">
      <Filter>util</Filter>
    </ClInclude>
    <ClInclude Include="..\..\util\pt\lc-addrlabels.h">
      <Filter>util</Filter>
    </ClInclude>
    <ClInclude Include="..\..\util\pt\lc-switch.h">
      <Filter>util</Filter>
    </ClInclude>
    <ClInclude Include="..\..\util\pt\pt.h">
      <Filter>util</Filter>
    </ClInclude>
    <ClInclude Include="..\..\util\pt\pt-sem.h">
      <Filter>util</Filter>
    </ClInclude>
    <ClInclude Include="..\oc_assert.h">
      <Filter>port</Filter>
    </ClInclude>
    <ClInclude Include="..\oc_connectivity.h">
      <Filter>port</Filter>
    </ClInclude>
    <ClInclude Include="..\oc_clock.h">
      <Filter>port</Filter>
    </ClInclude>
    <ClInclude Include="..\oc_log.h">
      <Filter>port</Filter>
    </ClInclude>
    <ClInclude Include="..\oc_network_events_mutex.h">
      <Filter>port</Filter>
    </ClInclude>
    <ClInclude Include="..\oc_random.h">
      <Filter>port</Filter>
    </ClInclude>
    <ClInclude Include="..\oc_storage.h">
      <Filter>port</Filter>
    </ClInclude>
    <ClInclude Include="..\..\include\oc_scene.h">
      <Filter>include</Filter>
    </ClInclude>
  </ItemGroup>
  <ItemGroup>
    <Filter Include="include">
      <UniqueIdentifier>{6393132a-0e27-4ffe-ad99-19f63a0418f8}</UniqueIdentifier>
    </Filter>
    <Filter Include="api">
      <UniqueIdentifier>{ec3ce47c-a3ea-40f2-a9cf-104e83ef92e0}</UniqueIdentifier>
    </Filter>
    <Filter Include="deps">
      <UniqueIdentifier>{eae3e3fe-1a70-401c-bbed-bf593e34d894}</UniqueIdentifier>
    </Filter>
    <Filter Include="deps\tinycbor">
      <UniqueIdentifier>{a8066ae6-597c-4acc-9191-efabcf90912e}</UniqueIdentifier>
    </Filter>
    <Filter Include="deps\tinydtls">
      <UniqueIdentifier>{f7c4f6fc-3abb-4c54-9cc2-2797198e9a29}</UniqueIdentifier>
    </Filter>
    <Filter Include="messaging">
      <UniqueIdentifier>{d9ca0fe0-74da-4088-b18f-8d9a6f32bb4e}</UniqueIdentifier>
    </Filter>
    <Filter Include="security">
      <UniqueIdentifier>{119a27b4-5f7a-49d5-a81d-d541f08fe988}</UniqueIdentifier>
    </Filter>
    <Filter Include="util">
      <UniqueIdentifier>{b9f4604c-3a09-46e5-b329-9c596a13d2c3}</UniqueIdentifier>
    </Filter>
    <Filter Include="port">
      <UniqueIdentifier>{2056fcac-520c-4efe-887e-a899b5796192}</UniqueIdentifier>
    </Filter>
  </ItemGroup>
</Project>