
Microsoft Visual Studio Solution File, Format Version 12.00
# Visual Studio 14
VisualStudioVersion = 14.0.25420.1
MinimumVisualStudioVersion = 10.0.40219.1
Project("{8BC9CEB8-8B4A-11D0-8D11-00A0C91BC942}") = "IoTivity-lite", "IoTivity-lite.vcxproj", "{1866D7A4-FC11-46CA-9377-3BAA69D4BF58}"
EndProject
Project("{8BC9CEB8-8B4A-11D0-8D11-00A0C91BC942}") = "SimpleClient", "SimpleClient.vcxproj", "{5E14206D-1D40-4AEB-85EE-E085F013ABA8}"
EndProject
Project("{8BC9CEB8-8B4A-11D0-8D11-00A0C91BC942}") = "SimpleServer", "SimpleServer.vcxproj", "{49A279BB-F431-4310-BEA2-CEDAC797D9E1}"
EndProject
Project("{8BC9CEB8-8B4A-11D0-8D11-00A0C91BC942}") = "onboarding_tool", "onboarding_tool\onboarding_tool.vcxproj", "{BDE6DBE0-D29F-421F-AD2B-25E44070B5F0}"
	ProjectSection(ProjectDependencies) = postProject
		{1866D7A4-FC11-46CA-9377-3BAA69D4BF58} = {1866D7A4-FC11-46CA-9377-3BAA69D4BF58}
	EndProjectSection
EndProject
Project("{8BC9CEB8-8B4A-11D0-8D11-00A0C91BC942}") = "CloudServer", "CloudServer.vcxproj", "{8FEC3CA4-2A62-459A-9880-C93DF5839A06}"
EndProject
Global
	GlobalSection(SolutionConfigurationPlatforms) = preSolution
		Debug|x64 = Debug|x64
		Debug|x86 = Debug|x86
		Release|x64 = Release|x64
		Release|x86 = Release|x86
	EndGlobalSection
	GlobalSection(ProjectConfigurationPlatforms) = postSolution
		{1866D7A4-FC11-46CA-9377-3BAA69D4BF58}.Debug|x64.ActiveCfg = Debug|x64
		{1866D7A4-FC11-46CA-9377-3BAA69D4BF58}.Debug|x64.Build.0 = Debug|x64
		{1866D7A4-FC11-46CA-9377-3BAA69D4BF58}.Debug|x64.Deploy.0 = Debug|x64
		{1866D7A4-FC11-46CA-9377-3BAA69D4BF58}.Debug|x86.ActiveCfg = Debug|Win32
		{1866D7A4-FC11-46CA-9377-3BAA69D4BF58}.Debug|x86.Build.0 = Debug|Win32
		{1866D7A4-FC11-46CA-9377-3BAA69D4BF58}.Release|x64.ActiveCfg = Release|x64
		{1866D7A4-FC11-46CA-9377-3BAA69D4BF58}.Release|x64.Build.0 = Release|x64
		{1866D7A4-FC11-46CA-9377-3BAA69D4BF58}.Release|x86.ActiveCfg = Release|Win32
		{1866D7A4-FC11-46CA-9377-3BAA69D4BF58}.Release|x86.Build.0 = Release|Win32
		{5E14206D-1D40-4AEB-85EE-E085F013ABA8}.Debug|x64.ActiveCfg = Debug|x64
		{5E14206D-1D40-4AEB-85EE-E085F013ABA8}.Debug|x64.Build.0 = Debug|x64
		{5E14206D-1D40-4AEB-85EE-E085F013ABA8}.Debug|x86.ActiveCfg = Debug|Win32
		{5E14206D-1D40-4AEB-85EE-E085F013ABA8}.Debug|x86.Build.0 = Debug|Win32
		{5E14206D-1D40-4AEB-85EE-E085F013ABA8}.Release|x64.ActiveCfg = Release|x64
		{5E14206D-1D40-4AEB-85EE-E085F013ABA8}.Release|x64.Build.0 = Release|x64
		{5E14206D-1D40-4AEB-85EE-E085F013ABA8}.Release|x86.ActiveCfg = Release|Win32
		{5E14206D-1D40-4AEB-85EE-E085F013ABA8}.Release|x86.Build.0 = Release|Win32
		{49A279BB-F431-4310-BEA2-CEDAC797D9E1}.Debug|x64.ActiveCfg = Debug|x64
		{49A279BB-F431-4310-BEA2-CEDAC797D9E1}.Debug|x64.Build.0 = Debug|x64
		{49A279BB-F431-4310-BEA2-CEDAC797D9E1}.Debug|x86.ActiveCfg = Debug|Win32
		{49A279BB-F431-4310-BEA2-CEDAC797D9E1}.Debug|x86.Build.0 = Debug|Win32
		{49A279BB-F431-4310-BEA2-CEDAC797D9E1}.Release|x64.ActiveCfg = Release|x64
		{49A279BB-F431-4310-BEA2-CEDAC797D9E1}.Release|x64.Build.0 = Release|x64
		{49A279BB-F431-4310-BEA2-CEDAC797D9E1}.Release|x86.ActiveCfg = Release|Win32
		{49A279BB-F431-4310-BEA2-CEDAC797D9E1}.Release|x86.Build.0 = Release|Win32
		{BDE6DBE0-D29F-421F-AD2B-25E44070B5F0}.Debug|x64.ActiveCfg = Debug|x64
		{BDE6DBE0-D29F-421F-AD2B-25E44070B5F0}.Debug|x64.Build.0 = Debug|x64
		{BDE6DBE0-D29F-421F-AD2B-25E44070B5F0}.Debug|x86.ActiveCfg = Debug|Win32
		{BDE6DBE0-D29F-421F-AD2B-25E44070B5F0}.Debug|x86.Build.0 = Debug|Win32
		{BDE6DBE0-D29F-421F-AD2B-25E44070B5F0}.Release|x64.ActiveCfg = Release|x64
		{BDE6DBE0-D29F-421F-AD2B-25E44070B5F0}.Release|x64.Build.0 = Release|x64
		{BDE6DBE0-D29F-421F-AD2B-25E44070B5F0}.Release|x86.ActiveCfg = Release|Win32
		{BDE6DBE0-D29F-421F-AD2B-25E44070B5F0}.Release|x86.Build.0 = Release|Win32
		{8FEC3CA4-2A62-459A-9880-C93DF5839A06}.Debug|x64.ActiveCfg = Debug|x64
		{8FEC3CA4-2A62-459A-9880-C93DF5839A06}.Debug|x64.Build.0 = Debug|x64
		{8FEC3CA4-2A62-459A-9880-C93DF5839A06}.Debug|x86.ActiveCfg = Debug|Win32
		{8FEC3CA4-2A62-459A-9880-C93DF5839A06}.Debug|x86.Build.0 = Debug|Win32
		{8FEC3CA4-2A62-459A-9880-C93DF5839A06}.Release|x64.ActiveCfg = Release|x64
		{8FEC3CA4-2A62-459A-9880-C93DF5839A06}.Release|x64.Build.0 = Release|x64
		{8FEC3CA4-2A62-459A-9880-C93DF5839A06}.Release|x86.ActiveCfg = Release|Win32
		{8FEC3CA4-2A62-459A-9880-C93DF5839A06}.Release|x86.Build.0 = Release|Win32
	EndGlobalSection
	GlobalSection(SolutionProperties) = preSolution
		HideSolutionNode = FALSE
	EndGlobalSection
EndGlobal
